
Microsoft Visual Studio Solution File, Format Version 12.00
# Visual Studio Version 17
VisualStudioVersion = 17.9.34723.18
MinimumVisualStudioVersion = 10.0.40219.1
Project("{FAE04EC0-301F-11D3-BF4B-00C04F79EFBC}") = "TaskManagementSystem", "TaskManagementSystem\TaskManagementSystem.csproj", "{E25AE2DA-0650-427E-8B53-7DDA6B2169E5}"
EndProject
Global
	GlobalSection(SolutionConfigurationPlatforms) = preSolution
		Debug|Any CPU = Debug|Any CPU
		Release|Any CPU = Release|Any CPU
	EndGlobalSection
	GlobalSection(ProjectConfigurationPlatforms) = postSolution
		{E25AE2DA-0650-427E-8B53-7DDA6B2169E5}.Debug|Any CPU.ActiveCfg = Debug|Any CPU
		{E25AE2DA-0650-427E-8B53-7DDA6B2169E5}.Debug|Any CPU.Build.0 = Debug|Any CPU
		{E25AE2DA-0650-427E-8B53-7DDA6B2169E5}.Release|Any CPU.ActiveCfg = Release|Any CPU
		{E25AE2DA-0650-427E-8B53-7DDA6B2169E5}.Release|Any CPU.Build.0 = Release|Any CPU
	EndGlobalSection
	GlobalSection(SolutionProperties) = preSolution
		HideSolutionNode = FALSE
	EndGlobalSection
	GlobalSection(ExtensibilityGlobals) = postSolution
		SolutionGuid = {54A96826-83D7-47B9-97FC-9A216B336409}
	EndGlobalSection
EndGlobal
